<?xml version="1.0" encoding="utf-8"?>
<Project ToolsVersion="4.0" xmlns="http://schemas.microsoft.com/developer/msbuild/2003">
  <ItemGroup>
    <Filter Include="main">
      <UniqueIdentifier>{4FC737F1-C7A5-4376-A066-2A32D752A2FF}</UniqueIdentifier>
      <Extensions>cpp;c;cc;cxx;def;odl;idl;hpj;bat;asm;asmx</Extensions>
    </Filter>
    <Filter Include="NetBase">
      <UniqueIdentifier>{67d43659-9309-438a-ac1d-0cff1b891229}</UniqueIdentifier>
    </Filter>
    <Filter Include="Comand">
      <UniqueIdentifier>{7989ce4c-1697-451a-af22-60608635c9bb}</UniqueIdentifier>
    </Filter>
  </ItemGroup>
  <ItemGroup>
    <ClCompile Include="molyclient.cpp">
      <Filter>main</Filter>
    </ClCompile>
    <ClCompile Include="NetBase.cpp">
      <Filter>NetBase</Filter>
    </ClCompile>
    <ClCompile Include="CommandMgr.cpp">
      <Filter>Comand</Filter>
    </ClCompile>
  </ItemGroup>
  <ItemGroup>
    <ClInclude Include="NetBase.h">
      <Filter>NetBase</Filter>
    </ClInclude>
    <ClInclude Include="CommandMgr.h">
      <Filter>Comand</Filter>
    </ClInclude>
  </ItemGroup>
</Project>